{
  "object": {
    "pins": [
      {
        "package": "InnernetBase",
        "repositoryURL": "https://github.com/aj-bartocci/innernet-base",
        "state": {
          "branch": null,
          "revision": "eff248878526de219b68fc5b84e620ee88c8dd56",
          "version": "0.0.2"
        }
      }
    ]
  },
  "version": 1
}
